{
    "_meta": {
        "hash": {
            "sha256": "d2a2d8ee55f55265bd2e66f5e73d2d8f6fbc55cec1c6b6cb461870aadb3cadbc"
        },
        "pipfile-spec": 6,
        "requires": {
            "python_version": "3.6"
        },
        "sources": [
            {
                "name": "pypi",
                "url": "https://pypi.org/simple",
                "verify_ssl": true
            }
        ]
    },
    "default": {
        "cppcheck-junit": {
            "hashes": [
                "sha256:d3de0019d6b088c3dd648f7a4cb7f91d797cc7191175d4e8b86efabf983184f0",
                "sha256:fe8eef8675ae5787b3687d7f8cfa382c4706ab99cadc4bc7bba0c61f1cfb365d"
            ],
            "index": "pypi",
            "version": "==2.1.0"
        },
        "exitstatus": {
            "hashes": [
                "sha256:5d3427a48c219a344e605a02a76075f71b13f5d3b037f3cd355fe149b8eeccfa",
                "sha256:87f30309f1fd4022478c70ed1bf10dabbc5863b770b8d6c7e55ac82626fc6017"
            ],
            "markers": "python_version >= '3.6'",
            "version": "==2.1.0"
        }
    },
    "develop": {
        "isort": {
            "hashes": [
                "sha256:6f62d78e2f89b4500b080fe3a81690850cd254227f27f75c3a0c491a1f351ba7",
                "sha256:e8443a5e7a020e9d7f97f1d7d9cd17c88bcb3bc7e218bf9cf5095fe550be2951"
            ],
            "index": "pypi",
            "version": "==5.10.1"
        }
    }
}
